lockfileVersion: '9.0'

settings:
  autoInstallPeers: true
  excludeLinksFromLockfile: false

importers:

  .:
    devDependencies:
      esbuild:
        specifier: ^0.28.0
        version: 0.28.0
      oxfmt:
        specifier: ^0.57.0
        version: 0.57.0
      oxlint:
        specifier: ^1.68.0
        version: 1.68.0
      typescript:
        specifier: 6.0.3
        version: 6.0.3

packages:

  '@esbuild/aix-ppc64@0.28.0':
    resolution: {integrity: sha512-lhRUCeuOyJQURhTxl4WkpFTjIsbDayJHih5kZC1giwE+MhIzAb7mEsQMqMf18rHLsrb5qI1tafG20mLxEWcWlA==}
    engines: {node: '>=18'}
    cpu: [ppc64]
    os: [aix]

  '@esbuild/android-arm64@0.28.0':
    resolution: {integrity: sha512-+WzIXQOSaGs33tLEgYPYe/yQHf0WTU0X42Jca3y8NWMbUVhp7rUnw+vAsRC/QiDrdD31IszMrZy+qwPOPjd+rw==}
    engines: {node: '>=18'}
    cpu: [arm64]
    os: [android]

  '@esbuild/android-arm@0.28.0':
    resolution: {integrity: sha512-wqh0ByljabXLKHeWXYLqoJ5jKC4XBaw6Hk08OfMrCRd2nP2ZQ5eleDZC41XHyCNgktBGYMbqnrJKq/K/lzPMSQ==}
    engines: {node: '>=18'}
    cpu: [arm]
    os: [android]

  '@esbuild/android-x64@0.28.0':
    resolution: {integrity: sha512-+VJggoaKhk2VNNqVL7f6S189UzShHC/mR9EE8rDdSkdpN0KflSwWY/gWjDrNxxisg8Fp1ZCD9jLMo4m0OUfeUA==}
    engines: {node: '>=18'}
    cpu: [x64]
    os: [android]

  '@esbuild/darwin-arm64@0.28.0':
    resolution: {integrity: sha512-0T+A9WZm+bZ84nZBtk1ckYsOvyA3x7e2Acj1KdVfV4/2tdG4fzUp91YHx+GArWLtwqp77pBXVCPn2We7Letr0Q==}
    engines: {node: '>=18'}
    cpu: [arm64]
    os: [darwin]

  '@esbuild/darwin-x64@0.28.0':
    resolution: {integrity: sha512-fyzLm/DLDl/84OCfp2f/XQ4flmORsjU7VKt8HLjvIXChJoFFOIL6pLJPH4Yhd1n1gGFF9mPwtlN5Wf82DZs+LQ==}
    engines: {node: '>=18'}
    cpu: [x64]
    os: [darwin]

  '@esbuild/freebsd-arm64@0.28.0':
    resolution: {integrity: sha512-l9GeW5UZBT9k9brBYI+0WDffcRxgHQD8ShN2Ur4xWq/NFzUKm3k5lsH4PdaRgb2w7mI9u61nr2gI2mLI27Nh3Q==}
    engines: {node: '>=18'}
    cpu: [arm64]
    os: [freebsd]

  '@esbuild/freebsd-x64@0.28.0':
    resolution: {integrity: sha512-BXoQai/A0wPO6Es3yFJ7APCiKGc1tdAEOgeTNy3SsB491S3aHn4S4r3e976eUnPdU+NbdtmBuLncYir2tMU9Nw==}
    engines: {node: '>=18'}
    cpu: [x64]
    os: [freebsd]

  '@esbuild/linux-arm64@0.28.0':
    resolution: {integrity: sha512-RVyzfb3FWsGA55n6WY0MEIEPURL1FcbhFE6BffZEMEekfCzCIMtB5yyDcFnVbTnwk+CLAgTujmV/Lgvih56W+A==}
    engines: {node: '>=18'}
    cpu: [arm64]
    os: [linux]

  '@esbuild/linux-arm@0.28.0':
    resolution: {integrity: sha512-CjaaREJagqJp7iTaNQjjidaNbCKYcd4IDkzbwwxtSvjI7NZm79qiHc8HqciMddQ6CKvJT6aBd8lO9kN/ZudLlw==}
    engines: {node: '>=18'}
    cpu: [arm]
    os: [linux]

  '@esbuild/linux-ia32@0.28.0':
    resolution: {integrity: sha512-KBnSTt1kxl9x70q+ydterVdl+Cn0H18ngRMRCEQfrbqdUuntQQ0LoMZv47uB97NljZFzY6HcfqEZ2SAyIUTQBQ==}
    engines: {node: '>=18'}
    cpu: [ia32]
    os: [linux]

  '@esbuild/linux-loong64@0.28.0':
    resolution: {integrity: sha512-zpSlUce1mnxzgBADvxKXX5sl8aYQHo2ezvMNI8I0lbblJtp8V4odlm3Yzlj7gPyt3T8ReksE6bK+pT3WD+aJRg==}
    engines: {node: '>=18'}
    cpu: [loong64]
    os: [linux]

  '@esbuild/linux-mips64el@0.28.0':
    resolution: {integrity: sha512-2jIfP6mmjkdmeTlsX/9vmdmhBmKADrWqN7zcdtHIeNSCH1SqIoNI63cYsjQR8J+wGa4Y5izRcSHSm8K3QWmk3w==}
    engines: {node: '>=18'}
    cpu: [mips64el]
    os: [linux]

  '@esbuild/linux-ppc64@0.28.0':
    resolution: {integrity: sha512-bc0FE9wWeC0WBm49IQMPSPILRocGTQt3j5KPCA8os6VprfuJ7KD+5PzESSrJ6GmPIPJK965ZJHTUlSA6GNYEhg==}
    engines: {node: '>=18'}
    cpu: [ppc64]
    os: [linux]

  '@esbuild/linux-riscv64@0.28.0':
    resolution: {integrity: sha512-SQPZOwoTTT/HXFXQJG/vBX8sOFagGqvZyXcgLA3NhIqcBv1BJU1d46c0rGcrij2B56Z2rNiSLaZOYW5cUk7yLQ==}
    engines: {node: '>=18'}
    cpu: [riscv64]
    os: [linux]

  '@esbuild/linux-s390x@0.28.0':
    resolution: {integrity: sha512-SCfR0HN8CEEjnYnySJTd2cw0k9OHB/YFzt5zgJEwa+wL/T/raGWYMBqwDNAC6dqFKmJYZoQBRfHjgwLHGSrn3Q==}
    engines: {node: '>=18'}
    cpu: [s390x]
    os: [linux]

  '@esbuild/linux-x64@0.28.0':
    resolution: {integrity: sha512-us0dSb9iFxIi8srnpl931Nvs65it/Jd2a2K3qs7fz2WfGPHqzfzZTfec7oxZJRNPXPnNYZtanmRc4AL/JwVzHQ==}
    engines: {node: '>=18'}
    cpu: [x64]
    os: [linux]

  '@esbuild/netbsd-arm64@0.28.0':
    resolution: {integrity: sha512-CR/RYotgtCKwtftMwJlUU7xCVNg3lMYZ0RzTmAHSfLCXw3NtZtNpswLEj/Kkf6kEL3Gw+BpOekRX0BYCtklhUw==}
    engines: {node: '>=18'}
    cpu: [arm64]
    os: [netbsd]

  '@esbuild/netbsd-x64@0.28.0':
    resolution: {integrity: sha512-nU1yhmYutL+fQ71Kxnhg8uEOdC0pwEW9entHykTgEbna2pw2dkbFSMeqjjyHZoCmt8SBkOSvV+yNmm94aUrrqw==}
    engines: {node: '>=18'}
    cpu: [x64]
    os: [netbsd]

  '@esbuild/openbsd-arm64@0.28.0':
    resolution: {integrity: sha512-cXb5vApOsRsxsEl4mcZ1XY3D4DzcoMxR/nnc4IyqYs0rTI8ZKmW6kyyg+11Z8yvgMfAEldKzP7AdP64HnSC/6g==}
    engines: {node: '>=18'}
    cpu: [arm64]
    os: [openbsd]

  '@esbuild/openbsd-x64@0.28.0':
    resolution: {integrity: sha512-8wZM2qqtv9UP3mzy7HiGYNH/zjTA355mpeuA+859TyR+e+Tc08IHYpLJuMsfpDJwoLo1ikIJI8jC3GFjnRClzA==}
    engines: {node: '>=18'}
    cpu: [x64]
    os: [openbsd]

  '@esbuild/openharmony-arm64@0.28.0':
    resolution: {integrity: sha512-FLGfyizszcef5C3YtoyQDACyg95+dndv79i2EekILBofh5wpCa1KuBqOWKrEHZg3zrL3t5ouE5jgr94vA+Wb2w==}
    engines: {node: '>=18'}
    cpu: [arm64]
    os: [openharmony]

  '@esbuild/sunos-x64@0.28.0':
    resolution: {integrity: sha512-1ZgjUoEdHZZl/YlV76TSCz9Hqj9h9YmMGAgAPYd+q4SicWNX3G5GCyx9uhQWSLcbvPW8Ni7lj4gDa1T40akdlw==}
    engines: {node: '>=18'}
    cpu: [x64]
    os: [sunos]

  '@esbuild/win32-arm64@0.28.0':
    resolution: {integrity: sha512-Q9StnDmQ/enxnpxCCLSg0oo4+34B9TdXpuyPeTedN/6+iXBJ4J+zwfQI28u/Jl40nOYAxGoNi7mFP40RUtkmUA==}
    engines: {node: '>=18'}
    cpu: [arm64]
    os: [win32]

  '@esbuild/win32-ia32@0.28.0':
    resolution: {integrity: sha512-zF3ag/gfiCe6U2iczcRzSYJKH1DCI+ByzSENHlM2FcDbEeo5Zd2C86Aq0tKUYAJJ1obRP84ymxIAksZUcdztHA==}
    engines: {node: '>=18'}
    cpu: [ia32]
    os: [win32]

  '@esbuild/win32-x64@0.28.0':
    resolution: {integrity: sha512-pEl1bO9mfAmIC+tW5btTmrKaujg3zGtUmWNdCw/xs70FBjwAL3o9OEKNHvNmnyylD6ubxUERiEhdsL0xBQ9efw==}
    engines: {node: '>=18'}
    cpu: [x64]
    os: [win32]

  '@oxfmt/binding-android-arm-eabi@0.57.0':
    resolution: {integrity: sha512-qVBsEO+KugOsCmUHcO8iqNnqc65p7PCKpCs8M66mPZ+Ri+CWbcpoQOEJBg2OTu03+0qu++NK1jj6IzvQVs0Sig==}
    engines: {node: ^20.19.0 || >=22.12.0}
    cpu: [arm]
    os: [android]

  '@oxfmt/binding-android-arm64@0.57.0':
    resolution: {integrity: sha512-mp6PibWbao3aizijcheOeHQaYEhcUAt8pwLniYbtLfHxL/psFF0BykAwCj+s3c6qIpa8yN8keZICWrqtZ70w8g==}
    engines: {node: ^20.19.0 || >=22.12.0}
    cpu: [arm64]
    os: [android]

  '@oxfmt/binding-darwin-arm64@0.57.0':
    resolution: {integrity: sha512-T+0stuCBqmUVY+aMIvrgXhzGhHO3sD5tNiiEcYqgSdPsnukskQqn2u5qOVD0sv1l7RLdFS5Z/f5Wi9Ktyjr3Eg==}
    engines: {node: ^20.19.0 || >=22.12.0}
    cpu: [arm64]
    os: [darwin]

  '@oxfmt/binding-darwin-x64@0.57.0':
    resolution: {integrity: sha512-O+3JbqWs/mCI2oi4xfhRO2IVPFJNDDEBV8Odo+ZpmsUOeKJfjXoNH7nDmBEQcDgK7NfjDIyE7kRgYSZcTLDO0A==}
    engines: {node: ^20.19.0 || >=22.12.0}
    cpu: [x64]
    os: [darwin]

  '@oxfmt/binding-freebsd-x64@0.57.0':
    resolution: {integrity: sha512-pxwhxVC+JkLX9twOQ/8C/vbuOQcMZyKIDmiRDZfO7yITuVcIdZCiLRqqf4QOxb2+8FWrRXzQpm+1DBKcMpHSSQ==}
    engines: {node: ^20.19.0 || >=22.12.0}
    cpu: [x64]
    os: [freebsd]

  '@oxfmt/binding-linux-arm-gnueabihf@0.57.0':
    resolution: {integrity: sha512-pxBU4zH2imB/MDBfth2rOMeVxXUMjRQLCazagwLARIFH3hVlxZJBlM4nSnHXaIHJK4/qezoFCIORN6AY8Mra4A==}
    engines: {node: ^20.19.0 || >=22.12.0}
    cpu: [arm]
    os: [linux]

  '@oxfmt/binding-linux-arm-musleabihf@0.57.0':
    resolution: {integrity: sha512-JAprOzt8tycYou36ZgEw14DlRHTiN8qdtKANdV3VZIRIvTI/lh/cX13c9pJ/EnDk2GT3FASH7KvCgQ2AufAifQ==}
    engines: {node: ^20.19.0 || >=22.12.0}
    cpu: [arm]
    os: [linux]

  '@oxfmt/binding-linux-arm64-gnu@0.57.0':
    resolution: {integrity: sha512-ajtjaxSaj9xl4BW7REt+Cef/ttzbAq00Bq4z7JUDZEfgFXdwSjH8K9bF+IcIJzZB9lKqMfQ4eHuSFOvvlvtqOg==}
    engines: {node: ^20.19.0 || >=22.12.0}
    cpu: [arm64]
    os: [linux]

  '@oxfmt/binding-linux-arm64-musl@0.57.0':
    resolution: {integrity: sha512-p4Y/+RYk9Bk5WO+zHSUXAClRmZ2fbJCejMuCAsU2HhyME4jqf6Ftt/mJYEwIah1wGCBDYOB7wEGV1x5bCEZ6hA==}
    engines: {node: ^20.19.0 || >=22.12.0}
    cpu: [arm64]
    os: [linux]

  '@oxfmt/binding-linux-ppc64-gnu@0.57.0':
    resolution: {integrity: sha512-By6tRALAZsno0F4zedmtG+wdMvJiJmJoXM4d3+A9zHE4HRXLqXITwRH8mgrlcXc5yJM2g2W3riRPwTYdgemZLQ==}
    engines: {node: ^20.19.0 || >=22.12.0}
    cpu: [ppc64]
    os: [linux]

  '@oxfmt/binding-linux-riscv64-gnu@0.57.0':
    resolution: {integrity: sha512-skYeG+RgvyzspqVEBsEprL90OYYZfoVNqB3HcCNR6QDJyXKOzfDRT3zncnHmUaFluIlBHuY23mU1b5WGgR98hA==}
    engines: {node: ^20.19.0 || >=22.12.0}
    cpu: [riscv64]
    os: [linux]

  '@oxfmt/binding-linux-riscv64-musl@0.57.0':
    resolution: {integrity: sha512-FFgACrZOXAXUh5KQh2mt1CDOVOZmn+QzHP71wM9QobNwyQvoFfyAeefVUltW83g3sm7LTiH3yfFqLLVUpA5ZFQ==}
    engines: {node: ^20.19.0 || >=22.12.0}
    cpu: [riscv64]
    os: [linux]

  '@oxfmt/binding-linux-s390x-gnu@0.57.0':
    resolution: {integrity: sha512-Nm/BAOfQeFiiKd502mZn/GAVKJwtd0RdCg17G3Wz/WSOIQmDi3+7/SZH4BHn1Ye5KvTVH3ua8WvfwLLycNIuvA==}
    engines: {node: ^20.19.0 || >=22.12.0}
    cpu: [s390x]
    os: [linux]

  '@oxfmt/binding-linux-x64-gnu@0.57.0':
    resolution: {integrity: sha512-BiSy5Ku3mQqyxS6YIqAJgd403wEUWvI7kerfzPxc2l/txZVmZM0pSj7oDM+4bGBExowxOi7o73jEam1W0EDTZg==}
    engines: {node: ^20.19.0 || >=22.12.0}
    cpu: [x64]
    os: [linux]

  '@oxfmt/binding-linux-x64-musl@0.57.0':
    resolution: {integrity: sha512-BCRkJiotz5s9afLYD2LuMvzAoDYx9H17E/YbDyu4xK7l4zHDPeny9ErSXL//i/nJyaOwRk08x4b8cgJC00+JDg==}
    engines: {node: ^20.19.0 || >=22.12.0}
    cpu: [x64]
    os: [linux]

  '@oxfmt/binding-openharmony-arm64@0.57.0':
    resolution: {integrity: sha512-4Oaxe1qrGgXfpCJ1C/ERJ2iCtV2rN1R79ga9fsfyVHfSQRu/hVW780u2KDqZWFZ/iGTHODJji0JemxqFZ63eIQ==}
    engines: {node: ^20.19.0 || >=22.12.0}
    cpu: [arm64]
    os: [openharmony]

  '@oxfmt/binding-win32-arm64-msvc@0.57.0':
    resolution: {integrity: sha512-MYLAsDnhdNsSGheLYhWgbk0vfIrlS84iQYun/y21fX6u0jj8iBtYtbpZMdiqYeuf8U12eVPUjVY2xE2NrCfJ0g==}
    engines: {node: ^20.19.0 || >=22.12.0}
    cpu: [arm64]
    os: [win32]

  '@oxfmt/binding-win32-ia32-msvc@0.57.0':
    resolution: {integrity: sha512-PBwdzZALJY/jcCx2E6is0yu+cuVXeySTDmwuseD+9j0mHqlRNxwlKgsyRTBed/woPeqfVfuXfWjoq4Cx2Zt3Eg==}
    engines: {node: ^20.19.0 || >=22.12.0}
    cpu: [ia32]
    os: [win32]

  '@oxfmt/binding-win32-x64-msvc@0.57.0':
    resolution: {integrity: sha512-bQJdH9i4RRfw55jm7+8/xS7GzHLLTbHx4huhrrDxQJaJtbSDbsyOnODvP1ftT7EG0KFKAYO2S+q6AcioXODx8w==}
    engines: {node: ^20.19.0 || >=22.12.0}
    cpu: [x64]
    os: [win32]

  '@oxlint/binding-android-arm-eabi@1.68.0':
    resolution: {integrity: sha512-wEdsIspexXLLMCPAEOcCuFLMt6aE3AzTuA/nQKLPRnoJ+EQTturmGheDkhHuuVHx0GbutjQ3JKmEn+Gz6Ag28Q==}
    engines: {node: ^20.19.0 || >=22.12.0}
    cpu: [arm]
    os: [android]

  '@oxlint/binding-android-arm64@1.68.0':
    resolution: {integrity: sha512-6aZRNNXQTsYtgaus8HTb9nuCcsrQTlKXGnktwvwW0n/SooRWNxNb3925grDkC63aEYZuCIyOVLV16IdYIoC2aQ==}
    engines: {node: ^20.19.0 || >=22.12.0}
    cpu: [arm64]
    os: [android]

  '@oxlint/binding-darwin-arm64@1.68.0':
    resolution: {integrity: sha512-lVTbsE3kO4bLpZELgjRZuAJc8kP98wb83yMXWH8gaPaFZ+cM2IDeZto4ByoUAYj0Mxv2rvw+A1ssZequSepVSg==}
    engines: {node: ^20.19.0 || >=22.12.0}
    cpu: [arm64]
    os: [darwin]

  '@oxlint/binding-darwin-x64@1.68.0':
    resolution: {integrity: sha512-nCmw2XrmQskjBUh/sfP5yKs93V68LijQgjd1cuuZ/q4SCARngLYs60/qqyzuMsg8QQ9KArDI98hxs/RDGE4KRQ==}
    engines: {node: ^20.19.0 || >=22.12.0}
    cpu: [x64]
    os: [darwin]

  '@oxlint/binding-freebsd-x64@1.68.0':
    resolution: {integrity: sha512-TI4ovQJliYE9V6e06cEv+qEI9uj7Ao65fmif4er4HD+aouyYyh0P31q2jh3KtqsOHHcQqv2PZ61TjJFLpBDGWQ==}
    engines: {node: ^20.19.0 || >=22.12.0}
    cpu: [x64]
    os: [freebsd]

  '@oxlint/binding-linux-arm-gnueabihf@1.68.0':
    resolution: {integrity: sha512-LcNnEi9g71Cmry5ZpLbKT+oVv+/zYG3hYVAbBBB5X85nOQZSk8l92CnDkxJMcxUg0NCnMCOFZuaVDlMyv4tYJw==}
    engines: {node: ^20.19.0 || >=22.12.0}
    cpu: [arm]
    os: [linux]

  '@oxlint/binding-linux-arm-musleabihf@1.68.0':
    resolution: {integrity: sha512-OovHahL3FX4UaK+hgSf11llUx2vszqjSdQQ61Ck9InOEI/ptZoC4XSQJurITqItVvd53JSlmkLMeaNjM1PoQew==}
    engines: {node: ^20.19.0 || >=22.12.0}
    cpu: [arm]
    os: [linux]

  '@oxlint/binding-linux-arm64-gnu@1.68.0':
    resolution: {integrity: sha512-YbzTglnHLzzi9zv5or8Ztz5fykAoZE8W9iM42/bOrF4HBSB6rJTqdLQWuoP76EHQw9DuKl76K1QmFlG29sPJXQ==}
    engines: {node: ^20.19.0 || >=22.12.0}
    cpu: [arm64]
    os: [linux]

  '@oxlint/binding-linux-arm64-musl@1.68.0':
    resolution: {integrity: sha512-qVKtCZNic+OoNnOr/hCQAu22HSQzflI7Fsq/Blzkw02SnLuv163k3kfmrVpZjSBlUHgsRKj6WgQiw30d3SX02Q==}
    engines: {node: ^20.19.0 || >=22.12.0}
    cpu: [arm64]
    os: [linux]

  '@oxlint/binding-linux-ppc64-gnu@1.68.0':
    resolution: {integrity: sha512-zExyZ8ZOUuAyQ0y9jpTcyjKUz62YY9JhKPyVxzvjTpXzZ3ujdqiVwfPWDdnA1SsIOrxdtxHn7KErDHLWskFjXg==}
    engines: {node: ^20.19.0 || >=22.12.0}
    cpu: [ppc64]
    os: [linux]

  '@oxlint/binding-linux-riscv64-gnu@1.68.0':
    resolution: {integrity: sha512-6C4MPuwewyDavA7sxM14wzgRi5GGL68HPIxRCdVyS75U4MDbpFVYzKO9WNR6KLKTMPq2pcz3THwo1sK2uiqngw==}
    engines: {node: ^20.19.0 || >=22.12.0}
    cpu: [riscv64]
    os: [linux]

  '@oxlint/binding-linux-riscv64-musl@1.68.0':
    resolution: {integrity: sha512-bnZooVeHAcvA+dH0EDLgx+7HY/DRi6e0hFszg3P+OBatuUjV6EvfIyNIzWOusmqAVh4L6r21GGTZtiKE4iqM4Q==}
    engines: {node: ^20.19.0 || >=22.12.0}
    cpu: [riscv64]
    os: [linux]

  '@oxlint/binding-linux-s390x-gnu@1.68.0':
    resolution: {integrity: sha512-dIqnZnJSmHCMOUpUcWQOiV14o3DDPVx1DSsMaSzvdhNjC1tB1iEPZbdiMSCIEYbkgbsYznHXWqFdKL8WUB3F8g==}
    engines: {node: ^20.19.0 || >=22.12.0}
    cpu: [s390x]
    os: [linux]

  '@oxlint/binding-linux-x64-gnu@1.68.0':
    resolution: {integrity: sha512-zc9lEnfV/HreDTY6gdMlZe+irkwHSxQ4/B1pS9GyK7RVaA5LxhoZY/w6/o2vIwLLEYiXQ5ujGxOM1ZazeFAAIA==}
    engines: {node: ^20.19.0 || >=22.12.0}
    cpu: [x64]
    os: [linux]

  '@oxlint/binding-linux-x64-musl@1.68.0':
    resolution: {integrity: sha512-Dl5QEX0TCo/40Cdh1o1JdPS//+YiWqjC+Hrrya5OQmStZZr4svAFtdlqcpCrU9yq2Mo3vRVyO9B3h0dzD8s36Q==}
    engines: {node: ^20.19.0 || >=22.12.0}
    cpu: [x64]
    os: [linux]

  '@oxlint/binding-openharmony-arm64@1.68.0':
    resolution: {integrity: sha512-/qy6dOvi4S3/LeXq0l5BT5pRKPYA7oj3uKwJOAZOr5HRLL+HK6jdBynvWuXIA2wwfE01RzNYmbBdM7vwYx00sA==}
    engines: {node: ^20.19.0 || >=22.12.0}
    cpu: [arm64]
    os: [openharmony]

  '@oxlint/binding-win32-arm64-msvc@1.68.0':
    resolution: {integrity: sha512-fHNtVqPHSYE7UFDSLVFUjxQjnSVXxseNJmRW+XuP4pXXDwePdPda43NL7/BBCFTxHjycOc44JNDaOPtFDNui9A==}
    engines: {node: ^20.19.0 || >=22.12.0}
    cpu: [arm64]
    os: [win32]

  '@oxlint/binding-win32-ia32-msvc@1.68.0':
    resolution: {integrity: sha512-NnKXr4Wgo4nps3erhrE0f8shBvBPZMHg72nDsvX0JyrRvsNiP3f1JNvbCKh+A6VFvpF7ZoJxu904P3cKMhvZnA==}
    engines: {node: ^20.19.0 || >=22.12.0}
    cpu: [ia32]
    os: [win32]

  '@oxlint/binding-win32-x64-msvc@1.68.0':
    resolution: {integrity: sha512-zg5pA+84AlU6XHJ3ruiRxziO71QTrz8nLsk6u01JGS5+tL9/bnlakFiklFrcy4R1/V7ktWtaNitN3JZWmKnf6g==}
    engines: {node: ^20.19.0 || >=22.12.0}
    cpu: [x64]
    os: [win32]

  esbuild@0.28.0:
    resolution: {integrity: sha512-sNR9MHpXSUV/XB4zmsFKN+QgVG82Cc7+/aaxJ8Adi8hyOac+EXptIp45QBPaVyX3N70664wRbTcLTOemCAnyqw==}
    engines: {node: '>=18'}
    hasBin: true

  oxfmt@0.57.0:
    resolution: {integrity: sha512-ZB7Bi+rGDSqmVIo9jwcLyFgjxXvQhDdU+jx+ZrVy6VRiVXK2+CHc4hO3J4dUQjHe7V0ymHB+MDuv5z+NhK07HA==}
    engines: {node: ^20.19.0 || >=22.12.0}
    hasBin: true
    peerDependencies:
      svelte: ^5.0.0
      vite-plus: '*'
    peerDependenciesMeta:
      svelte:
        optional: true
      vite-plus:
        optional: true

  oxlint@1.68.0:
    resolution: {integrity: sha512-dXcbq+xsmLrMy6T8d0euf3IYUfLmjHIE11pOxiUSi5LHkFZaYPv568R6sEjcavVpUxoaQe66UBuK4HEi74NxpA==}
    engines: {node: ^20.19.0 || >=22.12.0}
    hasBin: true
    peerDependencies:
      oxlint-tsgolint: '>=0.22.1'
      vite-plus: '*'
    peerDependenciesMeta:
      oxlint-tsgolint:
        optional: true
      vite-plus:
        optional: true

  tinypool@2.1.0:
    resolution: {integrity: sha512-Pugqs6M0m7Lv1I7FtxN4aoyToKg1C4tu+/381vH35y8oENM/Ai7f7C4StcoK4/+BSw9ebcS8jRiVrORFKCALLw==}
    engines: {node: ^20.0.0 || >=22.0.0}

  typescript@6.0.3:
    resolution: {integrity: sha512-y2TvuxSZPDyQakkFRPZHKFm+KKVqIisdg9/CZwm9ftvKXLP8NRWj38/ODjNbr43SsoXqNuAisEf1GdCxqWcdBw==}
    engines: {node: '>=14.17'}
    hasBin: true

snapshots:

  '@esbuild/aix-ppc64@0.28.0':
    optional: true

  '@esbuild/android-arm64@0.28.0':
    optional: true

  '@esbuild/android-arm@0.28.0':
    optional: true

  '@esbuild/android-x64@0.28.0':
    optional: true

  '@esbuild/darwin-arm64@0.28.0':
    optional: true

  '@esbuild/darwin-x64@0.28.0':
    optional: true

  '@esbuild/freebsd-arm64@0.28.0':
    optional: true

  '@esbuild/freebsd-x64@0.28.0':
    optional: true

  '@esbuild/linux-arm64@0.28.0':
    optional: true

  '@esbuild/linux-arm@0.28.0':
    optional: true

  '@esbuild/linux-ia32@0.28.0':
    optional: true

  '@esbuild/linux-loong64@0.28.0':
    optional: true

  '@esbuild/linux-mips64el@0.28.0':
    optional: true

  '@esbuild/linux-ppc64@0.28.0':
    optional: true

  '@esbuild/linux-riscv64@0.28.0':
    optional: true

  '@esbuild/linux-s390x@0.28.0':
    optional: true

  '@esbuild/linux-x64@0.28.0':
    optional: true

  '@esbuild/netbsd-arm64@0.28.0':
    optional: true

  '@esbuild/netbsd-x64@0.28.0':
    optional: true

  '@esbuild/openbsd-arm64@0.28.0':
    optional: true

  '@esbuild/openbsd-x64@0.28.0':
    optional: true

  '@esbuild/openharmony-arm64@0.28.0':
    optional: true

  '@esbuild/sunos-x64@0.28.0':
    optional: true

  '@esbuild/win32-arm64@0.28.0':
    optional: true

  '@esbuild/win32-ia32@0.28.0':
    optional: true

  '@esbuild/win32-x64@0.28.0':
    optional: true

  '@oxfmt/binding-android-arm-eabi@0.57.0':
    optional: true

  '@oxfmt/binding-android-arm64@0.57.0':
    optional: true

  '@oxfmt/binding-darwin-arm64@0.57.0':
    optional: true

  '@oxfmt/binding-darwin-x64@0.57.0':
    optional: true

  '@oxfmt/binding-freebsd-x64@0.57.0':
    optional: true

  '@oxfmt/binding-linux-arm-gnueabihf@0.57.0':
    optional: true

  '@oxfmt/binding-linux-arm-musleabihf@0.57.0':
    optional: true

  '@oxfmt/binding-linux-arm64-gnu@0.57.0':
    optional: true

  '@oxfmt/binding-linux-arm64-musl@0.57.0':
    optional: true

  '@oxfmt/binding-linux-ppc64-gnu@0.57.0':
    optional: true

  '@oxfmt/binding-linux-riscv64-gnu@0.57.0':
    optional: true

  '@oxfmt/binding-linux-riscv64-musl@0.57.0':
    optional: true

  '@oxfmt/binding-linux-s390x-gnu@0.57.0':
    optional: true

  '@oxfmt/binding-linux-x64-gnu@0.57.0':
    optional: true

  '@oxfmt/binding-linux-x64-musl@0.57.0':
    optional: true

  '@oxfmt/binding-openharmony-arm64@0.57.0':
    optional: true

  '@oxfmt/binding-win32-arm64-msvc@0.57.0':
    optional: true

  '@oxfmt/binding-win32-ia32-msvc@0.57.0':
    optional: true

  '@oxfmt/binding-win32-x64-msvc@0.57.0':
    optional: true

  '@oxlint/binding-android-arm-eabi@1.68.0':
    optional: true

  '@oxlint/binding-android-arm64@1.68.0':
    optional: true

  '@oxlint/binding-darwin-arm64@1.68.0':
    optional: true

  '@oxlint/binding-darwin-x64@1.68.0':
    optional: true

  '@oxlint/binding-freebsd-x64@1.68.0':
    optional: true

  '@oxlint/binding-linux-arm-gnueabihf@1.68.0':
    optional: true

  '@oxlint/binding-linux-arm-musleabihf@1.68.0':
    optional: true

  '@oxlint/binding-linux-arm64-gnu@1.68.0':
    optional: true

  '@oxlint/binding-linux-arm64-musl@1.68.0':
    optional: true

  '@oxlint/binding-linux-ppc64-gnu@1.68.0':
    optional: true

  '@oxlint/binding-linux-riscv64-gnu@1.68.0':
    optional: true

  '@oxlint/binding-linux-riscv64-musl@1.68.0':
    optional: true

  '@oxlint/binding-linux-s390x-gnu@1.68.0':
    optional: true

  '@oxlint/binding-linux-x64-gnu@1.68.0':
    optional: true

  '@oxlint/binding-linux-x64-musl@1.68.0':
    optional: true

  '@oxlint/binding-openharmony-arm64@1.68.0':
    optional: true

  '@oxlint/binding-win32-arm64-msvc@1.68.0':
    optional: true

  '@oxlint/binding-win32-ia32-msvc@1.68.0':
    optional: true

  '@oxlint/binding-win32-x64-msvc@1.68.0':
    optional: true

  esbuild@0.28.0:
    optionalDependencies:
      '@esbuild/aix-ppc64': 0.28.0
      '@esbuild/android-arm': 0.28.0
      '@esbuild/android-arm64': 0.28.0
      '@esbuild/android-x64': 0.28.0
      '@esbuild/darwin-arm64': 0.28.0
      '@esbuild/darwin-x64': 0.28.0
      '@esbuild/freebsd-arm64': 0.28.0
      '@esbuild/freebsd-x64': 0.28.0
      '@esbuild/linux-arm': 0.28.0
      '@esbuild/linux-arm64': 0.28.0
      '@esbuild/linux-ia32': 0.28.0
      '@esbuild/linux-loong64': 0.28.0
      '@esbuild/linux-mips64el': 0.28.0
      '@esbuild/linux-ppc64': 0.28.0
      '@esbuild/linux-riscv64': 0.28.0
      '@esbuild/linux-s390x': 0.28.0
      '@esbuild/linux-x64': 0.28.0
      '@esbuild/netbsd-arm64': 0.28.0
      '@esbuild/netbsd-x64': 0.28.0
      '@esbuild/openbsd-arm64': 0.28.0
      '@esbuild/openbsd-x64': 0.28.0
      '@esbuild/openharmony-arm64': 0.28.0
      '@esbuild/sunos-x64': 0.28.0
      '@esbuild/win32-arm64': 0.28.0
      '@esbuild/win32-ia32': 0.28.0
      '@esbuild/win32-x64': 0.28.0

  oxfmt@0.57.0:
    dependencies:
      tinypool: 2.1.0
    optionalDependencies:
      '@oxfmt/binding-android-arm-eabi': 0.57.0
      '@oxfmt/binding-android-arm64': 0.57.0
      '@oxfmt/binding-darwin-arm64': 0.57.0
      '@oxfmt/binding-darwin-x64': 0.57.0
      '@oxfmt/binding-freebsd-x64': 0.57.0
      '@oxfmt/binding-linux-arm-gnueabihf': 0.57.0
      '@oxfmt/binding-linux-arm-musleabihf': 0.57.0
      '@oxfmt/binding-linux-arm64-gnu': 0.57.0
      '@oxfmt/binding-linux-arm64-musl': 0.57.0
      '@oxfmt/binding-linux-ppc64-gnu': 0.57.0
      '@oxfmt/binding-linux-riscv64-gnu': 0.57.0
      '@oxfmt/binding-linux-riscv64-musl': 0.57.0
      '@oxfmt/binding-linux-s390x-gnu': 0.57.0
      '@oxfmt/binding-linux-x64-gnu': 0.57.0
      '@oxfmt/binding-linux-x64-musl': 0.57.0
      '@oxfmt/binding-openharmony-arm64': 0.57.0
      '@oxfmt/binding-win32-arm64-msvc': 0.57.0
      '@oxfmt/binding-win32-ia32-msvc': 0.57.0
      '@oxfmt/binding-win32-x64-msvc': 0.57.0

  oxlint@1.68.0:
    optionalDependencies:
      '@oxlint/binding-android-arm-eabi': 1.68.0
      '@oxlint/binding-android-arm64': 1.68.0
      '@oxlint/binding-darwin-arm64': 1.68.0
      '@oxlint/binding-darwin-x64': 1.68.0
      '@oxlint/binding-freebsd-x64': 1.68.0
      '@oxlint/binding-linux-arm-gnueabihf': 1.68.0
      '@oxlint/binding-linux-arm-musleabihf': 1.68.0
      '@oxlint/binding-linux-arm64-gnu': 1.68.0
      '@oxlint/binding-linux-arm64-musl': 1.68.0
      '@oxlint/binding-linux-ppc64-gnu': 1.68.0
      '@oxlint/binding-linux-riscv64-gnu': 1.68.0
      '@oxlint/binding-linux-riscv64-musl': 1.68.0
      '@oxlint/binding-linux-s390x-gnu': 1.68.0
      '@oxlint/binding-linux-x64-gnu': 1.68.0
      '@oxlint/binding-linux-x64-musl': 1.68.0
      '@oxlint/binding-openharmony-arm64': 1.68.0
      '@oxlint/binding-win32-arm64-msvc': 1.68.0
      '@oxlint/binding-win32-ia32-msvc': 1.68.0
      '@oxlint/binding-win32-x64-msvc': 1.68.0

  tinypool@2.1.0: {}

  typescript@6.0.3: {}
